
Microsoft Visual Studio Solution File, Format Version 12.00
# Visual Studio Version 17
VisualStudioVersion = 17.4.33205.214
MinimumVisualStudioVersion = 10.0.40219.1
Project("{FAE04EC0-301F-11D3-BF4B-00C04F79EFBC}") = "Work221228", "Work221228.csproj", "{6E03C24C-DF51-43CE-8B88-D02BCB24EE76}"
EndProject
Global
	GlobalSection(SolutionConfigurationPlatforms) = preSolution
		Debug|Any CPU = Debug|Any CPU
		Release|Any CPU = Release|Any CPU
	EndGlobalSection
	GlobalSection(ProjectConfigurationPlatforms) = postSolution
		{6E03C24C-DF51-43CE-8B88-D02BCB24EE76}.Debug|Any CPU.ActiveCfg = Debug|Any CPU
		{6E03C24C-DF51-43CE-8B88-D02BCB24EE76}.Debug|Any CPU.Build.0 = Debug|Any CPU
		{6E03C24C-DF51-43CE-8B88-D02BCB24EE76}.Release|Any CPU.ActiveCfg = Release|Any CPU
		{6E03C24C-DF51-43CE-8B88-D02BCB24EE76}.Release|Any CPU.Build.0 = Release|Any CPU
	EndGlobalSection
	GlobalSection(SolutionProperties) = preSolution
		HideSolutionNode = FALSE
	EndGlobalSection
	GlobalSection(ExtensibilityGlobals) = postSolution
		SolutionGuid = {68DDF258-822F-48F0-9C88-EDB42E4AE30E}
	EndGlobalSection
EndGlobal
