
Microsoft Visual Studio Solution File, Format Version 12.00
# Visual Studio Version 17
VisualStudioVersion = 17.4.33205.214
MinimumVisualStudioVersion = 10.0.40219.1
Project("{FAE04EC0-301F-11D3-BF4B-00C04F79EFBC}") = "_39기_보강_2일차", "_39기_보강_2일차.csproj", "{B60A2DC6-14E8-4C05-946E-78167B211F83}"
EndProject
Global
	GlobalSection(SolutionConfigurationPlatforms) = preSolution
		Debug|Any CPU = Debug|Any CPU
		Release|Any CPU = Release|Any CPU
	EndGlobalSection
	GlobalSection(ProjectConfigurationPlatforms) = postSolution
		{B60A2DC6-14E8-4C05-946E-78167B211F83}.Debug|Any CPU.ActiveCfg = Debug|Any CPU
		{B60A2DC6-14E8-4C05-946E-78167B211F83}.Debug|Any CPU.Build.0 = Debug|Any CPU
		{B60A2DC6-14E8-4C05-946E-78167B211F83}.Release|Any CPU.ActiveCfg = Release|Any CPU
		{B60A2DC6-14E8-4C05-946E-78167B211F83}.Release|Any CPU.Build.0 = Release|Any CPU
	EndGlobalSection
	GlobalSection(SolutionProperties) = preSolution
		HideSolutionNode = FALSE
	EndGlobalSection
	GlobalSection(ExtensibilityGlobals) = postSolution
		SolutionGuid = {B290E1F3-E8CC-4069-9DC5-681CF1C539F5}
	EndGlobalSection
EndGlobal
