
Microsoft Visual Studio Solution File, Format Version 12.00
# Visual Studio Version 17
VisualStudioVersion = 17.4.33205.214
MinimumVisualStudioVersion = 10.0.40219.1
Project("{FAE04EC0-301F-11D3-BF4B-00C04F79EFBC}") = "WhatIsOverride", "WhatIsOverride.csproj", "{C35EF294-0382-4125-91B4-56B2F82D15B6}"
EndProject
Global
	GlobalSection(SolutionConfigurationPlatforms) = preSolution
		Debug|Any CPU = Debug|Any CPU
		Release|Any CPU = Release|Any CPU
	EndGlobalSection
	GlobalSection(ProjectConfigurationPlatforms) = postSolution
		{C35EF294-0382-4125-91B4-56B2F82D15B6}.Debug|Any CPU.ActiveCfg = Debug|Any CPU
		{C35EF294-0382-4125-91B4-56B2F82D15B6}.Debug|Any CPU.Build.0 = Debug|Any CPU
		{C35EF294-0382-4125-91B4-56B2F82D15B6}.Release|Any CPU.ActiveCfg = Release|Any CPU
		{C35EF294-0382-4125-91B4-56B2F82D15B6}.Release|Any CPU.Build.0 = Release|Any CPU
	EndGlobalSection
	GlobalSection(SolutionProperties) = preSolution
		HideSolutionNode = FALSE
	EndGlobalSection
	GlobalSection(ExtensibilityGlobals) = postSolution
		SolutionGuid = {1E63F615-39B7-4DF9-8C70-B57A39D654ED}
	EndGlobalSection
EndGlobal
