
Microsoft Visual Studio Solution File, Format Version 12.00
# Visual Studio Version 17
VisualStudioVersion = 17.4.33205.214
MinimumVisualStudioVersion = 10.0.40219.1
Project("{FAE04EC0-301F-11D3-BF4B-00C04F79EFBC}") = "WhatisOperator", "WhatisOperator.csproj", "{B9689F2A-1722-495F-BEFD-1A266FB975EE}"
EndProject
Global
	GlobalSection(SolutionConfigurationPlatforms) = preSolution
		Debug|Any CPU = Debug|Any CPU
		Release|Any CPU = Release|Any CPU
	EndGlobalSection
	GlobalSection(ProjectConfigurationPlatforms) = postSolution
		{B9689F2A-1722-495F-BEFD-1A266FB975EE}.Debug|Any CPU.ActiveCfg = Debug|Any CPU
		{B9689F2A-1722-495F-BEFD-1A266FB975EE}.Debug|Any CPU.Build.0 = Debug|Any CPU
		{B9689F2A-1722-495F-BEFD-1A266FB975EE}.Release|Any CPU.ActiveCfg = Release|Any CPU
		{B9689F2A-1722-495F-BEFD-1A266FB975EE}.Release|Any CPU.Build.0 = Release|Any CPU
	EndGlobalSection
	GlobalSection(SolutionProperties) = preSolution
		HideSolutionNode = FALSE
	EndGlobalSection
	GlobalSection(ExtensibilityGlobals) = postSolution
		SolutionGuid = {4EF88AF0-678D-49CA-B965-0A90CD1483D8}
	EndGlobalSection
EndGlobal
